
Microsoft Visual Studio Solution File, Format Version 12.00
# Visual Studio Version 16
VisualStudioVersion = 16.0.30523.141
MinimumVisualStudioVersion = 10.0.40219.1
Project("{FAE04EC0-301F-11D3-BF4B-00C04F79EFBC}") = "MidQ19", "MidQ19.csproj", "{2EE9160A-CFBF-430D-B33F-E576A19825C8}"
EndProject
Global
	GlobalSection(SolutionConfigurationPlatforms) = preSolution
		Debug|Any CPU = Debug|Any CPU
		Release|Any CPU = Release|Any CPU
	EndGlobalSection
	GlobalSection(ProjectConfigurationPlatforms) = postSolution
		{2EE9160A-CFBF-430D-B33F-E576A19825C8}.Debug|Any CPU.ActiveCfg = Debug|Any CPU
		{2EE9160A-CFBF-430D-B33F-E576A19825C8}.Debug|Any CPU.Build.0 = Debug|Any CPU
		{2EE9160A-CFBF-430D-B33F-E576A19825C8}.Release|Any CPU.ActiveCfg = Release|Any CPU
		{2EE9160A-CFBF-430D-B33F-E576A19825C8}.Release|Any CPU.Build.0 = Release|Any CPU
	EndGlobalSection
	GlobalSection(SolutionProperties) = preSolution
		HideSolutionNode = FALSE
	EndGlobalSection
	GlobalSection(ExtensibilityGlobals) = postSolution
		SolutionGuid = {DFA40857-33E9-4848-A060-FD64723018D2}
	EndGlobalSection
EndGlobal
